{
  "name": "child-io",
  "version": "0.4.0",
  "lockfileVersion": 3,
  "requires": true,
  "packages": {
    "": {
      "name": "child-io",
      "version": "0.4.0",
      "license": "MIT",
      "devDependencies": {
        "foonyah-ci": "*"
      },
      "engines": {
        "node": ">=6.11.0"
      }
    },
    "../foonyah-ci": {
      "version": "0.1.3",
      "dev": true,
      "devDependencies": {
        "foonyah-ci": "*"
      },
      "engines": {
        "node": ">=6.11.0"
      }
    },
    "node_modules/foonyah-ci": {
      "resolved": "../foonyah-ci",
      "link": true
    }
  }
}
